// !$*UTF8*$!
{
	archiveVersion = 1;
	classes = {
	};
	objectVersion = 77;
	objects = {

/* Begin PBXContainerItemProxy section */
		CA8CAC292D7A90F700690AFE /* PBXContainerItemProxy */ = {
			isa = PBXContainerItemProxy;
			containerPortal = CA8CAC102D7A90F500690AFE /* Project object */;
			proxyType = 1;
			remoteGlobalIDString = CA8CAC172D7A90F500690AFE;
			remoteInfo = MapMiro;
		};
		CA8CAC332D7A90F700690AFE /* PBXContainerItemProxy */ = {
			isa = PBXContainerItemProxy;
			containerPortal = CA8CAC102D7A90F500690AFE /* Project object */;
			proxyType = 1;
			remoteGlobalIDString = CA8CAC172D7A90F500690AFE;
			remoteInfo = MapMiro;
		};
/* End PBXContainerItemProxy section */

/* Begin PBXFileReference section */
		CA8CAC182D7A90F500690AFE /* MapMiro.app */ = {isa = PBXFileReference; explicitFileType = wrapper.application; includeInIndex = 0; path = MapMiro.app; sourceTree = BUILT_PRODUCTS_DIR; };
		CA8CAC282D7A90F700690AFE /* MapMiroTests.xctest */ = {isa = PBXFileReference; explicitFileType = wrapper.cfbundle; includeInIndex = 0; path = MapMiroTests.xctest; sourceTree = BUILT_PRODUCTS_DIR; };
		CA8CAC322D7A90F700690AFE /* MapMiroUITests.xctest */ = {isa = PBXFileReference; explicitFileType = wrapper.cfbundle; includeInIndex = 0; path = MapMiroUITests.xctest; sourceTree = BUILT_PRODUCTS_DIR; };
/* End PBXFileReference section */

/* Begin PBXFileSystemSynchronizedRootGroup section */
		CA8CAC1A2D7A90F500690AFE /* MapMiro */ = {
			isa = PBXFileSystemSynchronizedRootGroup;
			path = MapMiro;
			sourceTree = "<group>";
		};
		CA8CAC2B2D7A90F700690AFE /* MapMiroTests */ = {
			isa = PBXFileSystemSynchronizedRootGroup;
			path = MapMiroTests;
			sourceTree = "<group>";
		};
		CA8CAC352D7A90F700690AFE /* MapMiroUITests */ = {
			isa = PBXFileSystemSynchronizedRootGroup;
			path = MapMiroUITests;
			sourceTree = "<group>";
		};
/* End PBXFileSystemSynchronizedRootGroup section */

/* Begin PBXFrameworksBuildPhase section */
		CA8CAC152D7A90F500690AFE /* Frameworks */ = {
			isa = PBXFrameworksBuildPhase;
			buildActionMask = 2147483647;
			files = (
			);
			runOnlyForDeploymentPostprocessing = 0;
		};
		CA8CAC252D7A90F700690AFE /* Frameworks */ = {
			isa = PBXFrameworksBuildPhase;
			buildActionMask = 2147483647;
			files = (
			);
			runOnlyForDeploymentPostprocessing = 0;
		};
		CA8CAC2F2D7A90F700690AFE /* Frameworks */ = {
			isa = PBXFrameworksBuildPhase;
			buildActionMask = 2147483647;
			files = (
			);
			runOnlyForDeploymentPostprocessing = 0;
		};
/* End PBXFrameworksBuildPhase section */

/* Begin PBXGroup section */
		CA8CAC0F2D7A90F500690AFE = {
			isa = PBXGroup;
			children = (
				CA8CAC1A2D7A90F500690AFE /* MapMiro */,
				CA8CAC2B2D7A90F700690AFE /* MapMiroTests */,
				CA8CAC352D7A90F700690AFE /* MapMiroUITests */,
				CA8CAC192D7A90F500690AFE /* Products */,
			);
			sourceTree = "<group>";
		};
		CA8CAC192D7A90F500690AFE /* Products */ = {
			isa = PBXGroup;
			children = (
				CA8CAC182D7A90F500690AFE /* MapMiro.app */,
				CA8CAC282D7A90F700690AFE /* MapMiroTests.xctest */,
				CA8CAC322D7A90F700690AFE /* MapMiroUITests.xctest */,
			);
			name = Products;
			sourceTree = "<group>";
		};
/* End PBXGroup section */

/* Begin PBXNativeTarget section */
		CA8CAC172D7A90F500690AFE /* MapMiro */ = {
			isa = PBXNativeTarget;
			buildConfigurationList = CA8CAC3C2D7A90F700690AFE /* Build configuration list for PBXNativeTarget "MapMiro" */;
			buildPhases = (
				CA8CAC142D7A90F500690AFE /* Sources */,
				CA8CAC152D7A90F500690AFE /* Frameworks */,
				CA8CAC162D7A90F500690AFE /* Resources */,
			);
			buildRules = (
			);
			dependencies = (
			);
			fileSystemSynchronizedGroups = (
				CA8CAC1A2D7A90F500690AFE /* MapMiro */,
			);
			name = MapMiro;
			packageProductDependencies = (
			);
			productName = MapMiro;
			productReference = CA8CAC182D7A90F500690AFE /* MapMiro.app */;
			productType = "com.apple.product-type.application";
		};
		CA8CAC272D7A90F700690AFE /* MapMiroTests */ = {
			isa = PBXNativeTarget;
			buildConfigurationList = CA8CAC3F2D7A90F700690AFE /* Build configuration list for PBXNativeTarget "MapMiroTests" */;
			buildPhases = (
				CA8CAC242D7A90F700690AFE /* Sources */,
				CA8CAC252D7A90F700690AFE /* Frameworks */,
				CA8CAC262D7A90F700690AFE /* Resources */,
			);
			buildRules = (
			);
			dependencies = (
				CA8CAC2A2D7A90F700690AFE /* PBXTargetDependency */,
			);
			fileSystemSynchronizedGroups = (
				CA8CAC2B2D7A90F700690AFE /* MapMiroTests */,
			);
			name = MapMiroTests;
			packageProductDependencies = (
			);
			productName = MapMiroTests;
			productReference = CA8CAC282D7A90F700690AFE /* MapMiroTests.xctest */;
			productType = "com.apple.product-type.bundle.unit-test";
		};
		CA8CAC312D7A90F700690AFE /* MapMiroUITests */ = {
			isa = PBXNativeTarget;
			buildConfigurationList = CA8CAC422D7A90F700690AFE /* Build configuration list for PBXNativeTarget "MapMiroUITests" */;
			buildPhases = (
				CA8CAC2E2D7A90F700690AFE /* Sources */,
				CA8CAC2F2D7A90F700690AFE /* Frameworks */,
				CA8CAC302D7A90F700690AFE /* Resources */,
			);
			buildRules = (
			);
			dependencies = (
				CA8CAC342D7A90F700690AFE /* PBXTargetDependency */,
			);
			fileSystemSynchronizedGroups = (
				CA8CAC352D7A90F700690AFE /* MapMiroUITests */,
			);
			name = MapMiroUITests;
			packageProductDependencies = (
			);
			productName = MapMiroUITests;
			productReference = CA8CAC322D7A90F700690AFE /* MapMiroUITests.xctest */;
			productType = "com.apple.product-type.bundle.ui-testing";
		};
/* End PBXNativeTarget section */

/* Begin PBXProject section */
		CA8CAC102D7A90F500690AFE /* Project object */ = {
			isa = PBXProject;
			attributes = {
				BuildIndependentTargetsInParallel = 1;
				LastSwiftUpdateCheck = 1620;
				LastUpgradeCheck = 1620;
				TargetAttributes = {
					CA8CAC172D7A90F500690AFE = {
						CreatedOnToolsVersion = 16.2;
					};
					CA8CAC272D7A90F700690AFE = {
						CreatedOnToolsVersion = 16.2;
						TestTargetID = CA8CAC172D7A90F500690AFE;
					};
					CA8CAC312D7A90F700690AFE = {
						CreatedOnToolsVersion = 16.2;
						TestTargetID = CA8CAC172D7A90F500690AFE;
					};
				};
			};
			buildConfigurationList = CA8CAC132D7A90F500690AFE /* Build configuration list for PBXProject "MapMiro" */;
			developmentRegion = en;
			hasScannedForEncodings = 0;
			knownRegions = (
				en,
				Base,
			);
			mainGroup = CA8CAC0F2D7A90F500690AFE;
			minimizedProjectReferenceProxies = 1;
			preferredProjectObjectVersion = 77;
			productRefGroup = CA8CAC192D7A90F500690AFE /* Products */;
			projectDirPath = "";
			projectRoot = "";
			targets = (
				CA8CAC172D7A90F500690AFE /* MapMiro */,
				CA8CAC272D7A90F700690AFE /* MapMiroTests */,
				CA8CAC312D7A90F700690AFE /* MapMiroUITests */,
			);
		};
/* End PBXProject section */

/* Begin PBXResourcesBuildPhase section */
		CA8CAC162D7A90F500690AFE /* Resources */ = {
			isa = PBXResourcesBuildPhase;
			buildActionMask = 2147483647;
			files = (
			);
			runOnlyForDeploymentPostprocessing = 0;
		};
		CA8CAC262D7A90F700690AFE /* Resources */ = {
			isa = PBXResourcesBuildPhase;
			buildActionMask = 2147483647;
			files = (
			);
			runOnlyForDeploymentPostprocessing = 0;
		};
		CA8CAC302D7A90F700690AFE /* Resources */ = {
			isa = PBXResourcesBuildPhase;
			buildActionMask = 2147483647;
			files = (
			);
			runOnlyForDeploymentPostprocessing = 0;
		};
/* End PBXResourcesBuildPhase section */

/* Begin PBXSourcesBuildPhase section */
		CA8CAC142D7A90F500690AFE /* Sources */ = {
			isa = PBXSourcesBuildPhase;
			buildActionMask = 2147483647;
			files = (
			);
			runOnlyForDeploymentPostprocessing = 0;
		};
		CA8CAC242D7A90F700690AFE /* Sources */ = {
			isa = PBXSourcesBuildPhase;
			buildActionMask = 2147483647;
			files = (
			);
			runOnlyForDeploymentPostprocessing = 0;
		};
		CA8CAC2E2D7A90F700690AFE /* Sources */ = {
			isa = PBXSourcesBuildPhase;
			buildActionMask = 2147483647;
			files = (
			);
			runOnlyForDeploymentPostprocessing = 0;
		};
/* End PBXSourcesBuildPhase section */

/* Begin PBXTargetDependency section */
		CA8CAC2A2D7A90F700690AFE /* PBXTargetDependency */ = {
			isa = PBXTargetDependency;
			target = CA8CAC172D7A90F500690AFE /* MapMiro */;
			targetProxy = CA8CAC292D7A90F700690AFE /* PBXContainerItemProxy */;
		};
		CA8CAC342D7A90F700690AFE /* PBXTargetDependency */ = {
			isa = PBXTargetDependency;
			target = CA8CAC172D7A90F500690AFE /* MapMiro */;
			targetProxy = CA8CAC332D7A90F700690AFE /* PBXContainerItemProxy */;
		};
/* End PBXTargetDependency section */

/* Begin XCBuildConfiguration section */
		CA8CAC3A2D7A90F700690AFE /* Debug */ = {
			isa = XCBuildConfiguration;
			buildSettings = {
				ALWAYS_SEARCH_USER_PATHS = NO;
				ASSETCATALOG_COMPILER_GENERATE_SWIFT_ASSET_SYMBOL_EXTENSIONS = YES;
				CLANG_ANALYZER_NONNULL = YES;
				CLANG_ANALYZER_NUMBER_OBJECT_CONVERSION = YES_AGGRESSIVE;
				CLANG_CXX_LANGUAGE_STANDARD = "gnu++20";
				CLANG_ENABLE_MODULES = YES;
				CLANG_ENABLE_OBJC_ARC = YES;
				CLANG_ENABLE_OBJC_WEAK = YES;
				CLANG_WARN_BLOCK_CAPTURE_AUTORELEASING = YES;
				CLANG_WARN_BOOL_CONVERSION = YES;
				CLANG_WARN_COMMA = YES;
				CLANG_WARN_CONSTANT_CONVERSION = YES;
				CLANG_WARN_DEPRECATED_OBJC_IMPLEMENTATIONS = YES;
				CLANG_WARN_DIRECT_OBJC_ISA_USAGE = YES_ERROR;
				CLANG_WARN_DOCUMENTATION_COMMENTS = YES;
				CLANG_WARN_EMPTY_BODY = YES;
				CLANG_WARN_ENUM_CONVERSION = YES;
				CLANG_WARN_INFINITE_RECURSION = YES;
				CLANG_WARN_INT_CONVERSION = YES;
				CLANG_WARN_NON_LITERAL_NULL_CONVERSION = YES;
				CLANG_WARN_OBJC_IMPLICIT_RETAIN_SELF = YES;
				CLANG_WARN_OBJC_LITERAL_CONVERSION = YES;
				CLANG_WARN_OBJC_ROOT_CLASS = YES_ERROR;
				CLANG_WARN_QUOTED_INCLUDE_IN_FRAMEWORK_HEADER = YES;
				CLANG_WARN_RANGE_LOOP_ANALYSIS = YES;
				CLANG_WARN_STRICT_PROTOTYPES = YES;
				CLANG_WARN_SUSPICIOUS_MOVE = YES;
				CLANG_WARN_UNGUARDED_AVAILABILITY = YES_AGGRESSIVE;
				CLANG_WARN_UNREACHABLE_CODE = YES;
				CLANG_WARN__DUPLICATE_METHOD_MATCH = YES;
				COPY_PHASE_STRIP = NO;
				DEBUG_INFORMATION_FORMAT = dwarf;
				ENABLE_STRICT_OBJC_MSGSEND = YES;
				ENABLE_TESTABILITY = YES;
				ENABLE_USER_SCRIPT_SANDBOXING = YES;
				GCC_C_LANGUAGE_STANDARD = gnu17;
				GCC_DYNAMIC_NO_PIC = NO;
				GCC_NO_COMMON_BLOCKS = YES;
				GCC_OPTIMIZATION_LEVEL = 0;
				GCC_PREPROCESSOR_DEFINITIONS = (
					"DEBUG=1",
					"$(inherited)",
				);
				GCC_WARN_64_TO_32_BIT_CONVERSION = YES;
				GCC_WARN_ABOUT_RETURN_TYPE = YES_ERROR;
				GCC_WARN_UNDECLARED_SELECTOR = YES;
				GCC_WARN_UNINITIALIZED_AUTOS = YES_AGGRESSIVE;
				GCC_WARN_UNUSED_FUNCTION = YES;
				GCC_WARN_UNUSED_VARIABLE = YES;
				IPHONEOS_DEPLOYMENT_TARGET = 18.2;
				LOCALIZATION_PREFERS_STRING_CATALOGS = YES;
				MTL_ENABLE_DEBUG_INFO = INCLUDE_SOURCE;
				MTL_FAST_MATH = YES;
				ONLY_ACTIVE_ARCH = YES;
				SDKROOT = iphoneos;
				SWIFT_ACTIVE_COMPILATION_CONDITIONS = "DEBUG $(inherited)";
				SWIFT_OPTIMIZATION_LEVEL = "-Onone";
			};
			name = Debug;
		};
		CA8CAC3B2D7A90F700690AFE /* Release */ = {
			isa = XCBuildConfiguration;
			buildSettings = {
				ALWAYS_SEARCH_USER_PATHS = NO;
				ASSETCATALOG_COMPILER_GENERATE_SWIFT_ASSET_SYMBOL_EXTENSIONS = YES;
				CLANG_ANALYZER_NONNULL = YES;
				CLANG_ANALYZER_NUMBER_OBJECT_CONVERSION = YES_AGGRESSIVE;
				CLANG_CXX_LANGUAGE_STANDARD = "gnu++20";
				CLANG_ENABLE_MODULES = YES;
				CLANG_ENABLE_OBJC_ARC = YES;
				CLANG_ENABLE_OBJC_WEAK = YES;
				CLANG_WARN_BLOCK_CAPTURE_AUTORELEASING = YES;
				CLANG_WARN_BOOL_CONVERSION = YES;
				CLANG_WARN_COMMA = YES;
				CLANG_WARN_CONSTANT_CONVERSION = YES;
				CLANG_WARN_DEPRECATED_OBJC_IMPLEMENTATIONS = YES;
				CLANG_WARN_DIRECT_OBJC_ISA_USAGE = YES_ERROR;
				CLANG_WARN_DOCUMENTATION_COMMENTS = YES;
				CLANG_WARN_EMPTY_BODY = YES;
				CLANG_WARN_ENUM_CONVERSION = YES;
				CLANG_WARN_INFINITE_RECURSION = YES;
				CLANG_WARN_INT_CONVERSION = YES;
				CLANG_WARN_NON_LITERAL_NULL_CONVERSION = YES;
				CLANG_WARN_OBJC_IMPLICIT_RETAIN_SELF = YES;
				CLANG_WARN_OBJC_LITERAL_CONVERSION = YES;
				CLANG_WARN_OBJC_ROOT_CLASS = YES_ERROR;
				CLANG_WARN_QUOTED_INCLUDE_IN_FRAMEWORK_HEADER = YES;
				CLANG_WARN_RANGE_LOOP_ANALYSIS = YES;
				CLANG_WARN_STRICT_PROTOTYPES = YES;
				CLANG_WARN_SUSPICIOUS_MOVE = YES;
				CLANG_WARN_UNGUARDED_AVAILABILITY = YES_AGGRESSIVE;
				CLANG_WARN_UNREACHABLE_CODE = YES;
				CLANG_WARN__DUPLICATE_METHOD_MATCH = YES;
				COPY_PHASE_STRIP = NO;
				DEBUG_INFORMATION_FORMAT = "dwarf-with-dsym";
				ENABLE_NS_ASSERTIONS = NO;
				ENABLE_STRICT_OBJC_MSGSEND = YES;
				ENABLE_USER_SCRIPT_SANDBOXING = YES;
				GCC_C_LANGUAGE_STANDARD = gnu17;
				GCC_NO_COMMON_BLOCKS = YES;
				GCC_WARN_64_TO_32_BIT_CONVERSION = YES;
				GCC_WARN_ABOUT_RETURN_TYPE = YES_ERROR;
				GCC_WARN_UNDECLARED_SELECTOR = YES;
				GCC_WARN_UNINITIALIZED_AUTOS = YES_AGGRESSIVE;
				GCC_WARN_UNUSED_FUNCTION = YES;
				GCC_WARN_UNUSED_VARIABLE = YES;
				IPHONEOS_DEPLOYMENT_TARGET = 18.2;
				LOCALIZATION_PREFERS_STRING_CATALOGS = YES;
				MTL_ENABLE_DEBUG_INFO = NO;
				MTL_FAST_MATH = YES;
				SDKROOT = iphoneos;
				SWIFT_COMPILATION_MODE = wholemodule;
				VALIDATE_PRODUCT = YES;
			};
			name = Release;
		};
		CA8CAC3D2D7A90F700690AFE /* Debug */ = {
			isa = XCBuildConfiguration;
			buildSettings = {
				ASSETCATALOG_COMPILER_APPICON_NAME = AppIcon;
				ASSETCATALOG_COMPILER_GLOBAL_ACCENT_COLOR_NAME = AccentColor;
				CODE_SIGN_STYLE = Automatic;
				CURRENT_PROJECT_VERSION = 1;
				DEVELOPMENT_ASSET_PATHS = "\"MapMiro/Preview Content\"";
				DEVELOPMENT_TEAM = 2L97TV9WBA;
				ENABLE_PREVIEWS = YES;
				GENERATE_INFOPLIST_FILE = YES;
				INFOPLIST_KEY_UIApplicationSceneManifest_Generation = YES;
				INFOPLIST_KEY_UIApplicationSupportsIndirectInputEvents = YES;
				INFOPLIST_KEY_UILaunchScreen_Generation = YES;
				INFOPLIST_KEY_UISupportedInterfaceOrientations_iPad = "UIInterfaceOrientationPortrait UIInterfaceOrientationPortraitUpsideDown UIInterfaceOrientationLandscapeLeft UIInterfaceOrientationLandscapeRight";
				INFOPLIST_KEY_UISupportedInterfaceOrientations_iPhone = "UIInterfaceOrientationPortrait UIInterfaceOrientationLandscapeLeft UIInterfaceOrientationLandscapeRight";
				LD_RUNPATH_SEARCH_PATHS = (
					"$(inherited)",
					"@executable_path/Frameworks",
				);
				MARKETING_VERSION = 1.0;
				PRODUCT_BUNDLE_IDENTIFIER = Boyang.Chen.MapMiro;
				PRODUCT_NAME = "$(TARGET_NAME)";
				SWIFT_EMIT_LOC_STRINGS = YES;
				SWIFT_VERSION = 5.0;
				TARGETED_DEVICE_FAMILY = "1,2";
			};
			name = Debug;
		};
		CA8CAC3E2D7A90F700690AFE /* Release */ = {
			isa = XCBuildConfiguration;
			buildSettings = {
				ASSETCATALOG_COMPILER_APPICON_NAME = AppIcon;
				ASSETCATALOG_COMPILER_GLOBAL_ACCENT_COLOR_NAME = AccentColor;
				CODE_SIGN_STYLE = Automatic;
				CURRENT_PROJECT_VERSION = 1;
				DEVELOPMENT_ASSET_PATHS = "\"MapMiro/Preview Content\"";
				DEVELOPMENT_TEAM = 2L97TV9WBA;
				ENABLE_PREVIEWS = YES;
				GENERATE_INFOPLIST_FILE = YES;
				INFOPLIST_KEY_UIApplicationSceneManifest_Generation = YES;
				INFOPLIST_KEY_UIApplicationSupportsIndirectInputEvents = YES;
				INFOPLIST_KEY_UILaunchScreen_Generation = YES;
				INFOPLIST_KEY_UISupportedInterfaceOrientations_iPad = "UIInterfaceOrientationPortrait UIInterfaceOrientationPortraitUpsideDown UIInterfaceOrientationLandscapeLeft UIInterfaceOrientationLandscapeRight";
				INFOPLIST_KEY_UISupportedInterfaceOrientations_iPhone = "UIInterfaceOrientationPortrait UIInterfaceOrientationLandscapeLeft UIInterfaceOrientationLandscapeRight";
				LD_RUNPATH_SEARCH_PATHS = (
					"$(inherited)",
					"@executable_path/Frameworks",
				);
				MARKETING_VERSION = 1.0;
				PRODUCT_BUNDLE_IDENTIFIER = Boyang.Chen.MapMiro;
				PRODUCT_NAME = "$(TARGET_NAME)";
				SWIFT_EMIT_LOC_STRINGS = YES;
				SWIFT_VERSION = 5.0;
				TARGETED_DEVICE_FAMILY = "1,2";
			};
			name = Release;
		};
		CA8CAC402D7A90F700690AFE /* Debug */ = {
			isa = XCBuildConfiguration;
			buildSettings = {
				BUNDLE_LOADER = "$(TEST_HOST)";
				CODE_SIGN_STYLE = Automatic;
				CURRENT_PROJECT_VERSION = 1;
				DEVELOPMENT_TEAM = 2L97TV9WBA;
				GENERATE_INFOPLIST_FILE = YES;
				IPHONEOS_DEPLOYMENT_TARGET = 18.2;
				MARKETING_VERSION = 1.0;
				PRODUCT_BUNDLE_IDENTIFIER = Boyang.Chen.MapMiroTests;
				PRODUCT_NAME = "$(TARGET_NAME)";
				SWIFT_EMIT_LOC_STRINGS = NO;
				SWIFT_VERSION = 5.0;
				TARGETED_DEVICE_FAMILY = "1,2";
				TEST_HOST = "$(BUILT_PRODUCTS_DIR)/MapMiro.app/$(BUNDLE_EXECUTABLE_FOLDER_PATH)/MapMiro";
			};
			name = Debug;
		};
		CA8CAC412D7A90F700690AFE /* Release */ = {
			isa = XCBuildConfiguration;
			buildSettings = {
				BUNDLE_LOADER = "$(TEST_HOST)";
				CODE_SIGN_STYLE = Automatic;
				CURRENT_PROJECT_VERSION = 1;
				DEVELOPMENT_TEAM = 2L97TV9WBA;
				GENERATE_INFOPLIST_FILE = YES;
				IPHONEOS_DEPLOYMENT_TARGET = 18.2;
				MARKETING_VERSION = 1.0;
				PRODUCT_BUNDLE_IDENTIFIER = Boyang.Chen.MapMiroTests;
				PRODUCT_NAME = "$(TARGET_NAME)";
				SWIFT_EMIT_LOC_STRINGS = NO;
				SWIFT_VERSION = 5.0;
				TARGETED_DEVICE_FAMILY = "1,2";
				TEST_HOST = "$(BUILT_PRODUCTS_DIR)/MapMiro.app/$(BUNDLE_EXECUTABLE_FOLDER_PATH)/MapMiro";
			};
			name = Release;
		};
		CA8CAC432D7A90F700690AFE /* Debug */ = {
			isa = XCBuildConfiguration;
			buildSettings = {
				CODE_SIGN_STYLE = Automatic;
				CURRENT_PROJECT_VERSION = 1;
				DEVELOPMENT_TEAM = 2L97TV9WBA;
				GENERATE_INFOPLIST_FILE = YES;
				MARKETING_VERSION = 1.0;
				PRODUCT_BUNDLE_IDENTIFIER = Boyang.Chen.MapMiroUITests;
				PRODUCT_NAME = "$(TARGET_NAME)";
				SWIFT_EMIT_LOC_STRINGS = NO;
				SWIFT_VERSION = 5.0;
				TARGETED_DEVICE_FAMILY = "1,2";
				TEST_TARGET_NAME = MapMiro;
			};
			name = Debug;
		};
		CA8CAC442D7A90F700690AFE /* Release */ = {
			isa = XCBuildConfiguration;
			buildSettings = {
				CODE_SIGN_STYLE = Automatic;
				CURRENT_PROJECT_VERSION = 1;
				DEVELOPMENT_TEAM = 2L97TV9WBA;
				GENERATE_INFOPLIST_FILE = YES;
				MARKETING_VERSION = 1.0;
				PRODUCT_BUNDLE_IDENTIFIER = Boyang.Chen.MapMiroUITests;
				PRODUCT_NAME = "$(TARGET_NAME)";
				SWIFT_EMIT_LOC_STRINGS = NO;
				SWIFT_VERSION = 5.0;
				TARGETED_DEVICE_FAMILY = "1,2";
				TEST_TARGET_NAME = MapMiro;
			};
			name = Release;
		};
/* End XCBuildConfiguration section */

/* Begin XCConfigurationList section */
		CA8CAC132D7A90F500690AFE /* Build configuration list for PBXProject "MapMiro" */ = {
			isa = XCConfigurationList;
			buildConfigurations = (
				CA8CAC3A2D7A90F700690AFE /* Debug */,
				CA8CAC3B2D7A90F700690AFE /* Release */,
			);
			defaultConfigurationIsVisible = 0;
			defaultConfigurationName = Release;
		};
		CA8CAC3C2D7A90F700690AFE /* Build configuration list for PBXNativeTarget "MapMiro" */ = {
			isa = XCConfigurationList;
			buildConfigurations = (
				CA8CAC3D2D7A90F700690AFE /* Debug */,
				CA8CAC3E2D7A90F700690AFE /* Release */,
			);
			defaultConfigurationIsVisible = 0;
			defaultConfigurationName = Release;
		};
		CA8CAC3F2D7A90F700690AFE /* Build configuration list for PBXNativeTarget "MapMiroTests" */ = {
			isa = XCConfigurationList;
			buildConfigurations = (
				CA8CAC402D7A90F700690AFE /* Debug */,
				CA8CAC412D7A90F700690AFE /* Release */,
			);
			defaultConfigurationIsVisible = 0;
			defaultConfigurationName = Release;
		};
		CA8CAC422D7A90F700690AFE /* Build configuration list for PBXNativeTarget "MapMiroUITests" */ = {
			isa = XCConfigurationList;
			buildConfigurations = (
				CA8CAC432D7A90F700690AFE /* Debug */,
				CA8CAC442D7A90F700690AFE /* Release */,
			);
			defaultConfigurationIsVisible = 0;
			defaultConfigurationName = Release;
		};
/* End XCConfigurationList section */
	};
	rootObject = CA8CAC102D7A90F500690AFE /* Project object */;
}
